# THIS IS AN AUTOGENERATED FILE. DO NOT EDIT THIS FILE DIRECTLY.
# yarn lockfile v1


mobx@^6.0.4:
  version "6.0.4"
  resolved "https://registry.yarnpkg.com/mobx/-/mobx-6.0.4.tgz#8fc3e3629a3346f8afddf5bd954411974744dad1"
  integrity sha512-wT2QJT9tW19VSHo9x7RPKU3z/I2Ps6wUS8Kb1OO+kzmg7UY3n4AkcaYG6jq95Lp1R9ohjC/NGYuT2PtuvBjhFg==

three@^0.123.0:
  version "0.123.0"
  resolved "https://registry.yarnpkg.com/three/-/three-0.123.0.tgz#3bb6d8f908a432eb7cd450f7eab6dd40fde53085"
  integrity sha512-KNnx/IbilvoHRkxOtL0ouozoDoElyuvAXhFB21RK7F5IPWSmqyFelICK6x3hJerLNSlAdHxR0hkuvMMhH9pqXg==

threejs-object-controls@^1.2.6:
  version "1.2.6"
  resolved "https://registry.yarnpkg.com/threejs-object-controls/-/threejs-object-controls-1.2.6.tgz#210f7fcc8dbdc9f8a235eeb4b6656aca03b84a28"
  integrity sha512-1puGksD3kiKH7j4O8b88EJF0glmc0Z0Bmwc24bu4dq28nEYTU7dyMhCC3sHdUjyXg0tqUxdgEbJCAPzLuYH7BQ==
